// !$*UTF8*$!
{
	archiveVersion = 1;
	classes = {
	};
	objectVersion = 48;
	objects = {

/* Begin PBXBuildFile section */
		DC9A2D681F75F4CA0044C277 /* AppDelegate.swift in Sources */ = {isa = PBXBuildFile; fileRef = DC9A2D671F75F4CA0044C277 /* AppDelegate.swift */; };
		DC9A2D6A1F75F4CA0044C277 /* ViewController.swift in Sources */ = {isa = PBXBuildFile; fileRef = DC9A2D691F75F4CA0044C277 /* ViewController.swift */; };
		DC9A2D6D1F75F4CA0044C277 /* Main.storyboard in Resources */ = {isa = PBXBuildFile; fileRef = DC9A2D6B1F75F4CA0044C277 /* Main.storyboard */; };
		DC9A2D6F1F75F4CA0044C277 /* Assets.xcassets in Resources */ = {isa = PBXBuildFile; fileRef = DC9A2D6E1F75F4CA0044C277 /* Assets.xcassets */; };
		DC9A2D721F75F4CA0044C277 /* LaunchScreen.storyboard in Resources */ = {isa = PBXBuildFile; fileRef = DC9A2D701F75F4CA0044C277 /* LaunchScreen.storyboard */; };
		DC9A2D7A1F7605200044C277 /* MapViewController.swift in Sources */ = {isa = PBXBuildFile; fileRef = DC9A2D791F7605200044C277 /* MapViewController.swift */; };
/* End PBXBuildFile section */

/* Begin PBXFileReference section */
		DC9A2D641F75F4CA0044C277 /* HW5_Map_Kit.app */ = {isa = PBXFileReference; explicitFileType = wrapper.application; includeInIndex = 0; path = HW5_Map_Kit.app; sourceTree = BUILT_PRODUCTS_DIR; };
		DC9A2D671F75F4CA0044C277 /* AppDelegate.swift */ = {isa = PBXFileReference; lastKnownFileType = sourcecode.swift; path = AppDelegate.swift; sourceTree = "<group>"; };
		DC9A2D691F75F4CA0044C277 /* ViewController.swift */ = {isa = PBXFileReference; lastKnownFileType = sourcecode.swift; path = ViewController.swift; sourceTree = "<group>"; };
		DC9A2D6C1F75F4CA0044C277 /* Base */ = {isa = PBXFileReference; lastKnownFileType = file.storyboard; name = Base; path = Base.lproj/Main.storyboard; sourceTree = "<group>"; };
		DC9A2D6E1F75F4CA0044C277 /* Assets.xcassets */ = {isa = PBXFileReference; lastKnownFileType = folder.assetcatalog; path = Assets.xcassets; sourceTree = "<group>"; };
		DC9A2D711F75F4CA0044C277 /* Base */ = {isa = PBXFileReference; lastKnownFileType = file.storyboard; name = Base; path = Base.lproj/LaunchScreen.storyboard; sourceTree = "<group>"; };
		DC9A2D731F75F4CA0044C277 /* Info.plist */ = {isa = PBXFileReference; lastKnownFileType = text.plist.xml; path = Info.plist; sourceTree = "<group>"; };
		DC9A2D791F7605200044C277 /* MapViewController.swift */ = {isa = PBXFileReference; lastKnownFileType = sourcecode.swift; path = MapViewController.swift; sourceTree = "<group>"; };
/* End PBXFileReference section */

/* Begin PBXFrameworksBuildPhase section */
		DC9A2D611F75F4CA0044C277 /* Frameworks */ = {
			isa = PBXFrameworksBuildPhase;
			buildActionMask = 2147483647;
			files = (
			);
			runOnlyForDeploymentPostprocessing = 0;
		};
/* End PBXFrameworksBuildPhase section */

/* Begin PBXGroup section */
		DC9A2D5B1F75F4CA0044C277 = {
			isa = PBXGroup;
			children = (
				DC9A2D661F75F4CA0044C277 /* HW5_Map_Kit */,
				DC9A2D651F75F4CA0044C277 /* Products */,
			);
			sourceTree = "<group>";
		};
		DC9A2D651F75F4CA0044C277 /* Products */ = {
			isa = PBXGroup;
			children = (
				DC9A2D641F75F4CA0044C277 /* HW5_Map_Kit.app */,
			);
			name = Products;
			sourceTree = "<group>";
		};
		DC9A2D661F75F4CA0044C277 /* HW5_Map_Kit */ = {
			isa = PBXGroup;
			children = (
				DC9A2D671F75F4CA0044C277 /* AppDelegate.swift */,
				DC9A2D691F75F4CA0044C277 /* ViewController.swift */,
				DC9A2D6B1F75F4CA0044C277 /* Main.storyboard */,
				DC9A2D6E1F75F4CA0044C277 /* Assets.xcassets */,
				DC9A2D701F75F4CA0044C277 /* LaunchScreen.storyboard */,
				DC9A2D731F75F4CA0044C277 /* Info.plist */,
				DC9A2D791F7605200044C277 /* MapViewController.swift */,
			);
			path = HW5_Map_Kit;
			sourceTree = "<group>";
		};
/* End PBXGroup section */

/* Begin PBXNativeTarget section */
		DC9A2D631F75F4CA0044C277 /* HW5_Map_Kit */ = {
			isa = PBXNativeTarget;
			buildConfigurationList = DC9A2D761F75F4CA0044C277 /* Build configuration list for PBXNativeTarget "HW5_Map_Kit" */;
			buildPhases = (
				DC9A2D601F75F4CA0044C277 /* Sources */,
				DC9A2D611F75F4CA0044C277 /* Frameworks */,
				DC9A2D621F75F4CA0044C277 /* Resources */,
			);
			buildRules = (
			);
			dependencies = (
			);
			name = HW5_Map_Kit;
			productName = HW5_Map_Kit;
			productReference = DC9A2D641F75F4CA0044C277 /* HW5_Map_Kit.app */;
			productType = "com.apple.product-type.application";
		};
/* End PBXNativeTarget section */

/* Begin PBXProject section */
		DC9A2D5C1F75F4CA0044C277 /* Project object */ = {
			isa = PBXProject;
			attributes = {
				LastSwiftUpdateCheck = 0900;
				LastUpgradeCheck = 0900;
				ORGANIZATIONNAME = Stephen;
				TargetAttributes = {
					DC9A2D631F75F4CA0044C277 = {
						CreatedOnToolsVersion = 9.0;
						ProvisioningStyle = Automatic;
					};
				};
			};
			buildConfigurationList = DC9A2D5F1F75F4CA0044C277 /* Build configuration list for PBXProject "HW5_Map_Kit" */;
			compatibilityVersion = "Xcode 8.0";
			developmentRegion = en;
			hasScannedForEncodings = 0;
			knownRegions = (
				en,
				Base,
			);
			mainGroup = DC9A2D5B1F75F4CA0044C277;
			productRefGroup = DC9A2D651F75F4CA0044C277 /* Products */;
			projectDirPath = "";
			projectRoot = "";
			targets = (
				DC9A2D631F75F4CA0044C277 /* HW5_Map_Kit */,
			);
		};
/* End PBXProject section */

/* Begin PBXResourcesBuildPhase section */
		DC9A2D621F75F4CA0044C277 /* Resources */ = {
			isa = PBXResourcesBuildPhase;
			buildActionMask = 2147483647;
			files = (
				DC9A2D721F75F4CA0044C277 /* LaunchScreen.storyboard in Resources */,
				DC9A2D6F1F75F4CA0044C277 /* Assets.xcassets in Resources */,
				DC9A2D6D1F75F4CA0044C277 /* Main.storyboard in Resources */,
			);
			runOnlyForDeploymentPostprocessing = 0;
		};
/* End PBXResourcesBuildPhase section */

/* Begin PBXSourcesBuildPhase section */
		DC9A2D601F75F4CA0044C277 /* Sources */ = {
			isa = PBXSourcesBuildPhase;
			buildActionMask = 2147483647;
			files = (
				DC9A2D6A1F75F4CA0044C277 /* ViewController.swift in Sources */,
				DC9A2D7A1F7605200044C277 /* MapViewController.swift in Sources */,
				DC9A2D681F75F4CA0044C277 /* AppDelegate.swift in Sources */,
			);
			runOnlyForDeploymentPostprocessing = 0;
		};
/* End PBXSourcesBuildPhase section */

/* Begin PBXVariantGroup section */
		DC9A2D6B1F75F4CA0044C277 /* Main.storyboard */ = {
			isa = PBXVariantGroup;
			children = (
				DC9A2D6C1F75F4CA0044C277 /* Base */,
			);
			name = Main.storyboard;
			sourceTree = "<group>";
		};
		DC9A2D701F75F4CA0044C277 /* LaunchScreen.storyboard */ = {
			isa = PBXVariantGroup;
			children = (
				DC9A2D711F75F4CA0044C277 /* Base */,
			);
			name = LaunchScreen.storyboard;
			sourceTree = "<group>";
		};
/* End PBXVariantGroup section */

/* Begin XCBuildConfiguration section */
		DC9A2D741F75F4CA0044C277 /* Debug */ = {
			isa = XCBuildConfiguration;
			buildSettings = {
				ALWAYS_SEARCH_USER_PATHS = NO;
				CLANG_ANALYZER_NONNULL = YES;
				CLANG_ANALYZER_NUMBER_OBJECT_CONVERSION = YES_AGGRESSIVE;
				CLANG_CXX_LANGUAGE_STANDARD = "gnu++14";
				CLANG_CXX_LIBRARY = "libc++";
				CLANG_ENABLE_MODULES = YES;
				CLANG_ENABLE_OBJC_ARC = YES;
				CLANG_WARN_BLOCK_CAPTURE_AUTORELEASING = YES;
				CLANG_WARN_BOOL_CONVERSION = YES;
				CLANG_WARN_COMMA = YES;
				CLANG_WARN_CONSTANT_CONVERSION = YES;
				CLANG_WARN_DIRECT_OBJC_ISA_USAGE = YES_ERROR;
				CLANG_WARN_DOCUMENTATION_COMMENTS = YES;
				CLANG_WARN_EMPTY_BODY = YES;
				CLANG_WARN_ENUM_CONVERSION = YES;
				CLANG_WARN_INFINITE_RECURSION = YES;
				CLANG_WARN_INT_CONVERSION = YES;
				CLANG_WARN_NON_LITERAL_NULL_CONVERSION = YES;
				CLANG_WARN_OBJC_LITERAL_CONVERSION = YES;
				CLANG_WARN_OBJC_ROOT_CLASS = YES_ERROR;
				CLANG_WARN_RANGE_LOOP_ANALYSIS = YES;
				CLANG_WARN_STRICT_PROTOTYPES = YES;
				CLANG_WARN_SUSPICIOUS_MOVE = YES;
				CLANG_WARN_UNGUARDED_AVAILABILITY = YES_AGGRESSIVE;
				CLANG_WARN_UNREACHABLE_CODE = YES;
				CLANG_WARN__DUPLICATE_METHOD_MATCH = YES;
				CODE_SIGN_IDENTITY = "iPhone Developer";
				COPY_PHASE_STRIP = NO;
				DEBUG_INFORMATION_FORMAT = dwarf;
				ENABLE_STRICT_OBJC_MSGSEND = YES;
				ENABLE_TESTABILITY = YES;
				GCC_C_LANGUAGE_STANDARD = gnu11;
				GCC_DYNAMIC_NO_PIC = NO;
				GCC_NO_COMMON_BLOCKS = YES;
				GCC_OPTIMIZATION_LEVEL = 0;
				GCC_PREPROCESSOR_DEFINITIONS = (
					"DEBUG=1",
					"$(inherited)",
				);
				GCC_WARN_64_TO_32_BIT_CONVERSION = YES;
				GCC_WARN_ABOUT_RETURN_TYPE = YES_ERROR;
				GCC_WARN_UNDECLARED_SELECTOR = YES;
				GCC_WARN_UNINITIALIZED_AUTOS = YES_AGGRESSIVE;
				GCC_WARN_UNUSED_FUNCTION = YES;
				GCC_WARN_UNUSED_VARIABLE = YES;
				IPHONEOS_DEPLOYMENT_TARGET = 11.0;
				MTL_ENABLE_DEBUG_INFO = YES;
				ONLY_ACTIVE_ARCH = YES;
				SDKROOT = iphoneos;
				SWIFT_ACTIVE_COMPILATION_CONDITIONS = DEBUG;
				SWIFT_OPTIMIZATION_LEVEL = "-Onone";
			};
			name = Debug;
		};
		DC9A2D751F75F4CA0044C277 /* Release */ = {
			isa = XCBuildConfiguration;
			buildSettings = {
				ALWAYS_SEARCH_USER_PATHS = NO;
				CLANG_ANALYZER_NONNULL = YES;
				CLANG_ANALYZER_NUMBER_OBJECT_CONVERSION = YES_AGGRESSIVE;
				CLANG_CXX_LANGUAGE_STANDARD = "gnu++14";
				CLANG_CXX_LIBRARY = "libc++";
				CLANG_ENABLE_MODULES = YES;
				CLANG_ENABLE_OBJC_ARC = YES;
				CLANG_WARN_BLOCK_CAPTURE_AUTORELEASING = YES;
				CLANG_WARN_BOOL_CONVERSION = YES;
				CLANG_WARN_COMMA = YES;
				CLANG_WARN_CONSTANT_CONVERSION = YES;
				CLANG_WARN_DIRECT_OBJC_ISA_USAGE = YES_ERROR;
				CLANG_WARN_DOCUMENTATION_COMMENTS = YES;
				CLANG_WARN_EMPTY_BODY = YES;
				CLANG_WARN_ENUM_CONVERSION = YES;
				CLANG_WARN_INFINITE_RECURSION = YES;
				CLANG_WARN_INT_CONVERSION = YES;
				CLANG_WARN_NON_LITERAL_NULL_CONVERSION = YES;
				CLANG_WARN_OBJC_LITERAL_CONVERSION = YES;
				CLANG_WARN_OBJC_ROOT_CLASS = YES_ERROR;
				CLANG_WARN_RANGE_LOOP_ANALYSIS = YES;
				CLANG_WARN_STRICT_PROTOTYPES = YES;
				CLANG_WARN_SUSPICIOUS_MOVE = YES;
				CLANG_WARN_UNGUARDED_AVAILABILITY = YES_AGGRESSIVE;
				CLANG_WARN_UNREACHABLE_CODE = YES;
				CLANG_WARN__DUPLICATE_METHOD_MATCH = YES;
				CODE_SIGN_IDENTITY = "iPhone Developer";
				COPY_PHASE_STRIP = NO;
				DEBUG_INFORMATION_FORMAT = "dwarf-with-dsym";
				ENABLE_NS_ASSERTIONS = NO;
				ENABLE_STRICT_OBJC_MSGSEND = YES;
				GCC_C_LANGUAGE_STANDARD = gnu11;
				GCC_NO_COMMON_BLOCKS = YES;
				GCC_WARN_64_TO_32_BIT_CONVERSION = YES;
				GCC_WARN_ABOUT_RETURN_TYPE = YES_ERROR;
				GCC_WARN_UNDECLARED_SELECTOR = YES;
				GCC_WARN_UNINITIALIZED_AUTOS = YES_AGGRESSIVE;
				GCC_WARN_UNUSED_FUNCTION = YES;
				GCC_WARN_UNUSED_VARIABLE = YES;
				IPHONEOS_DEPLOYMENT_TARGET = 11.0;
				MTL_ENABLE_DEBUG_INFO = NO;
				SDKROOT = iphoneos;
				SWIFT_OPTIMIZATION_LEVEL = "-Owholemodule";
				VALIDATE_PRODUCT = YES;
			};
			name = Release;
		};
		DC9A2D771F75F4CA0044C277 /* Debug */ = {
			isa = XCBuildConfiguration;
			buildSettings = {
				ASSETCATALOG_COMPILER_APPICON_NAME = AppIcon;
				CODE_SIGN_STYLE = Automatic;
				DEVELOPMENT_TEAM = F8KLVT2H54;
				INFOPLIST_FILE = HW5_Map_Kit/Info.plist;
				LD_RUNPATH_SEARCH_PATHS = "$(inherited) @executable_path/Frameworks";
				PRODUCT_BUNDLE_IDENTIFIER = "com.sjsu.HW5-Map-Kit";
				PRODUCT_NAME = "$(TARGET_NAME)";
				SWIFT_VERSION = 4.0;
				TARGETED_DEVICE_FAMILY = "1,2";
			};
			name = Debug;
		};
		DC9A2D781F75F4CA0044C277 /* Release */ = {
			isa = XCBuildConfiguration;
			buildSettings = {
				ASSETCATALOG_COMPILER_APPICON_NAME = AppIcon;
				CODE_SIGN_STYLE = Automatic;
				DEVELOPMENT_TEAM = F8KLVT2H54;
				INFOPLIST_FILE = HW5_Map_Kit/Info.plist;
				LD_RUNPATH_SEARCH_PATHS = "$(inherited) @executable_path/Frameworks";
				PRODUCT_BUNDLE_IDENTIFIER = "com.sjsu.HW5-Map-Kit";
				PRODUCT_NAME = "$(TARGET_NAME)";
				SWIFT_VERSION = 4.0;
				TARGETED_DEVICE_FAMILY = "1,2";
			};
			name = Release;
		};
/* End XCBuildConfiguration section */

/* Begin XCConfigurationList section */
		DC9A2D5F1F75F4CA0044C277 /* Build configuration list for PBXProject "HW5_Map_Kit" */ = {
			isa = XCConfigurationList;
			buildConfigurations = (
				DC9A2D741F75F4CA0044C277 /* Debug */,
				DC9A2D751F75F4CA0044C277 /* Release */,
			);
			defaultConfigurationIsVisible = 0;
			defaultConfigurationName = Release;
		};
		DC9A2D761F75F4CA0044C277 /* Build configuration list for PBXNativeTarget "HW5_Map_Kit" */ = {
			isa = XCConfigurationList;
			buildConfigurations = (
				DC9A2D771F75F4CA0044C277 /* Debug */,
				DC9A2D781F75F4CA0044C277 /* Release */,
			);
			defaultConfigurationIsVisible = 0;
			defaultConfigurationName = Release;
		};
/* End XCConfigurationList section */
	};
	rootObject = DC9A2D5C1F75F4CA0044C277 /* Project object */;
}
