// !$*UTF8*$!
{
	archiveVersion = 1;
	classes = {
	};
	objectVersion = 48;
	objects = {

/* Begin PBXBuildFile section */
		DCFC573D1F8FD54D007DE0B6 /* AppDelegate.swift in Sources */ = {isa = PBXBuildFile; fileRef = DCFC573C1F8FD54D007DE0B6 /* AppDelegate.swift */; };
		DCFC573F1F8FD54D007DE0B6 /* ViewController.swift in Sources */ = {isa = PBXBuildFile; fileRef = DCFC573E1F8FD54D007DE0B6 /* ViewController.swift */; };
		DCFC57421F8FD54D007DE0B6 /* Main.storyboard in Resources */ = {isa = PBXBuildFile; fileRef = DCFC57401F8FD54D007DE0B6 /* Main.storyboard */; };
		DCFC57441F8FD54D007DE0B6 /* Assets.xcassets in Resources */ = {isa = PBXBuildFile; fileRef = DCFC57431F8FD54D007DE0B6 /* Assets.xcassets */; };
		DCFC57471F8FD54D007DE0B6 /* LaunchScreen.storyboard in Resources */ = {isa = PBXBuildFile; fileRef = DCFC57451F8FD54D007DE0B6 /* LaunchScreen.storyboard */; };
		DCFC57511F8FE0D3007DE0B6 /* HealthKit.framework in Frameworks */ = {isa = PBXBuildFile; fileRef = DCFC57501F8FE0D3007DE0B6 /* HealthKit.framework */; };
/* End PBXBuildFile section */

/* Begin PBXFileReference section */
		DCFC57391F8FD54D007DE0B6 /* HW8_iOS_Fitness_App.app */ = {isa = PBXFileReference; explicitFileType = wrapper.application; includeInIndex = 0; path = HW8_iOS_Fitness_App.app; sourceTree = BUILT_PRODUCTS_DIR; };
		DCFC573C1F8FD54D007DE0B6 /* AppDelegate.swift */ = {isa = PBXFileReference; lastKnownFileType = sourcecode.swift; path = AppDelegate.swift; sourceTree = "<group>"; };
		DCFC573E1F8FD54D007DE0B6 /* ViewController.swift */ = {isa = PBXFileReference; lastKnownFileType = sourcecode.swift; path = ViewController.swift; sourceTree = "<group>"; };
		DCFC57411F8FD54D007DE0B6 /* Base */ = {isa = PBXFileReference; lastKnownFileType = file.storyboard; name = Base; path = Base.lproj/Main.storyboard; sourceTree = "<group>"; };
		DCFC57431F8FD54D007DE0B6 /* Assets.xcassets */ = {isa = PBXFileReference; lastKnownFileType = folder.assetcatalog; path = Assets.xcassets; sourceTree = "<group>"; };
		DCFC57461F8FD54D007DE0B6 /* Base */ = {isa = PBXFileReference; lastKnownFileType = file.storyboard; name = Base; path = Base.lproj/LaunchScreen.storyboard; sourceTree = "<group>"; };
		DCFC57481F8FD54D007DE0B6 /* Info.plist */ = {isa = PBXFileReference; lastKnownFileType = text.plist.xml; path = Info.plist; sourceTree = "<group>"; };
		DCFC574E1F8FE0D3007DE0B6 /* HW8_iOS_Fitness_App.entitlements */ = {isa = PBXFileReference; lastKnownFileType = text.plist.entitlements; path = HW8_iOS_Fitness_App.entitlements; sourceTree = "<group>"; };
		DCFC57501F8FE0D3007DE0B6 /* HealthKit.framework */ = {isa = PBXFileReference; lastKnownFileType = wrapper.framework; name = HealthKit.framework; path = System/Library/Frameworks/HealthKit.framework; sourceTree = SDKROOT; };
/* End PBXFileReference section */

/* Begin PBXFrameworksBuildPhase section */
		DCFC57361F8FD54D007DE0B6 /* Frameworks */ = {
			isa = PBXFrameworksBuildPhase;
			buildActionMask = 2147483647;
			files = (
				DCFC57511F8FE0D3007DE0B6 /* HealthKit.framework in Frameworks */,
			);
			runOnlyForDeploymentPostprocessing = 0;
		};
/* End PBXFrameworksBuildPhase section */

/* Begin PBXGroup section */
		DCFC57301F8FD54D007DE0B6 = {
			isa = PBXGroup;
			children = (
				DCFC573B1F8FD54D007DE0B6 /* HW8_iOS_Fitness_App */,
				DCFC573A1F8FD54D007DE0B6 /* Products */,
				DCFC574F1F8FE0D3007DE0B6 /* Frameworks */,
			);
			sourceTree = "<group>";
		};
		DCFC573A1F8FD54D007DE0B6 /* Products */ = {
			isa = PBXGroup;
			children = (
				DCFC57391F8FD54D007DE0B6 /* HW8_iOS_Fitness_App.app */,
			);
			name = Products;
			sourceTree = "<group>";
		};
		DCFC573B1F8FD54D007DE0B6 /* HW8_iOS_Fitness_App */ = {
			isa = PBXGroup;
			children = (
				DCFC574E1F8FE0D3007DE0B6 /* HW8_iOS_Fitness_App.entitlements */,
				DCFC573C1F8FD54D007DE0B6 /* AppDelegate.swift */,
				DCFC573E1F8FD54D007DE0B6 /* ViewController.swift */,
				DCFC57401F8FD54D007DE0B6 /* Main.storyboard */,
				DCFC57431F8FD54D007DE0B6 /* Assets.xcassets */,
				DCFC57451F8FD54D007DE0B6 /* LaunchScreen.storyboard */,
				DCFC57481F8FD54D007DE0B6 /* Info.plist */,
			);
			path = HW8_iOS_Fitness_App;
			sourceTree = "<group>";
		};
		DCFC574F1F8FE0D3007DE0B6 /* Frameworks */ = {
			isa = PBXGroup;
			children = (
				DCFC57501F8FE0D3007DE0B6 /* HealthKit.framework */,
			);
			name = Frameworks;
			sourceTree = "<group>";
		};
/* End PBXGroup section */

/* Begin PBXNativeTarget section */
		DCFC57381F8FD54D007DE0B6 /* HW8_iOS_Fitness_App */ = {
			isa = PBXNativeTarget;
			buildConfigurationList = DCFC574B1F8FD54D007DE0B6 /* Build configuration list for PBXNativeTarget "HW8_iOS_Fitness_App" */;
			buildPhases = (
				DCFC57351F8FD54D007DE0B6 /* Sources */,
				DCFC57361F8FD54D007DE0B6 /* Frameworks */,
				DCFC57371F8FD54D007DE0B6 /* Resources */,
			);
			buildRules = (
			);
			dependencies = (
			);
			name = HW8_iOS_Fitness_App;
			productName = HW8_iOS_Fitness_App;
			productReference = DCFC57391F8FD54D007DE0B6 /* HW8_iOS_Fitness_App.app */;
			productType = "com.apple.product-type.application";
		};
/* End PBXNativeTarget section */

/* Begin PBXProject section */
		DCFC57311F8FD54D007DE0B6 /* Project object */ = {
			isa = PBXProject;
			attributes = {
				LastSwiftUpdateCheck = 0900;
				LastUpgradeCheck = 0900;
				ORGANIZATIONNAME = Stephen;
				TargetAttributes = {
					DCFC57381F8FD54D007DE0B6 = {
						CreatedOnToolsVersion = 9.0;
						ProvisioningStyle = Automatic;
						SystemCapabilities = {
							com.apple.HealthKit = {
								enabled = 1;
							};
						};
					};
				};
			};
			buildConfigurationList = DCFC57341F8FD54D007DE0B6 /* Build configuration list for PBXProject "HW8_iOS_Fitness_App" */;
			compatibilityVersion = "Xcode 8.0";
			developmentRegion = en;
			hasScannedForEncodings = 0;
			knownRegions = (
				en,
				Base,
			);
			mainGroup = DCFC57301F8FD54D007DE0B6;
			productRefGroup = DCFC573A1F8FD54D007DE0B6 /* Products */;
			projectDirPath = "";
			projectRoot = "";
			targets = (
				DCFC57381F8FD54D007DE0B6 /* HW8_iOS_Fitness_App */,
			);
		};
/* End PBXProject section */

/* Begin PBXResourcesBuildPhase section */
		DCFC57371F8FD54D007DE0B6 /* Resources */ = {
			isa = PBXResourcesBuildPhase;
			buildActionMask = 2147483647;
			files = (
				DCFC57471F8FD54D007DE0B6 /* LaunchScreen.storyboard in Resources */,
				DCFC57441F8FD54D007DE0B6 /* Assets.xcassets in Resources */,
				DCFC57421F8FD54D007DE0B6 /* Main.storyboard in Resources */,
			);
			runOnlyForDeploymentPostprocessing = 0;
		};
/* End PBXResourcesBuildPhase section */

/* Begin PBXSourcesBuildPhase section */
		DCFC57351F8FD54D007DE0B6 /* Sources */ = {
			isa = PBXSourcesBuildPhase;
			buildActionMask = 2147483647;
			files = (
				DCFC573F1F8FD54D007DE0B6 /* ViewController.swift in Sources */,
				DCFC573D1F8FD54D007DE0B6 /* AppDelegate.swift in Sources */,
			);
			runOnlyForDeploymentPostprocessing = 0;
		};
/* End PBXSourcesBuildPhase section */

/* Begin PBXVariantGroup section */
		DCFC57401F8FD54D007DE0B6 /* Main.storyboard */ = {
			isa = PBXVariantGroup;
			children = (
				DCFC57411F8FD54D007DE0B6 /* Base */,
			);
			name = Main.storyboard;
			sourceTree = "<group>";
		};
		DCFC57451F8FD54D007DE0B6 /* LaunchScreen.storyboard */ = {
			isa = PBXVariantGroup;
			children = (
				DCFC57461F8FD54D007DE0B6 /* Base */,
			);
			name = LaunchScreen.storyboard;
			sourceTree = "<group>";
		};
/* End PBXVariantGroup section */

/* Begin XCBuildConfiguration section */
		DCFC57491F8FD54D007DE0B6 /* Debug */ = {
			isa = XCBuildConfiguration;
			buildSettings = {
				ALWAYS_SEARCH_USER_PATHS = NO;
				CLANG_ANALYZER_NONNULL = YES;
				CLANG_ANALYZER_NUMBER_OBJECT_CONVERSION = YES_AGGRESSIVE;
				CLANG_CXX_LANGUAGE_STANDARD = "gnu++14";
				CLANG_CXX_LIBRARY = "libc++";
				CLANG_ENABLE_MODULES = YES;
				CLANG_ENABLE_OBJC_ARC = YES;
				CLANG_WARN_BLOCK_CAPTURE_AUTORELEASING = YES;
				CLANG_WARN_BOOL_CONVERSION = YES;
				CLANG_WARN_COMMA = YES;
				CLANG_WARN_CONSTANT_CONVERSION = YES;
				CLANG_WARN_DIRECT_OBJC_ISA_USAGE = YES_ERROR;
				CLANG_WARN_DOCUMENTATION_COMMENTS = YES;
				CLANG_WARN_EMPTY_BODY = YES;
				CLANG_WARN_ENUM_CONVERSION = YES;
				CLANG_WARN_INFINITE_RECURSION = YES;
				CLANG_WARN_INT_CONVERSION = YES;
				CLANG_WARN_NON_LITERAL_NULL_CONVERSION = YES;
				CLANG_WARN_OBJC_LITERAL_CONVERSION = YES;
				CLANG_WARN_OBJC_ROOT_CLASS = YES_ERROR;
				CLANG_WARN_RANGE_LOOP_ANALYSIS = YES;
				CLANG_WARN_STRICT_PROTOTYPES = YES;
				CLANG_WARN_SUSPICIOUS_MOVE = YES;
				CLANG_WARN_UNGUARDED_AVAILABILITY = YES_AGGRESSIVE;
				CLANG_WARN_UNREACHABLE_CODE = YES;
				CLANG_WARN__DUPLICATE_METHOD_MATCH = YES;
				CODE_SIGN_IDENTITY = "iPhone Developer";
				COPY_PHASE_STRIP = NO;
				DEBUG_INFORMATION_FORMAT = dwarf;
				ENABLE_STRICT_OBJC_MSGSEND = YES;
				ENABLE_TESTABILITY = YES;
				GCC_C_LANGUAGE_STANDARD = gnu11;
				GCC_DYNAMIC_NO_PIC = NO;
				GCC_NO_COMMON_BLOCKS = YES;
				GCC_OPTIMIZATION_LEVEL = 0;
				GCC_PREPROCESSOR_DEFINITIONS = (
					"DEBUG=1",
					"$(inherited)",
				);
				GCC_WARN_64_TO_32_BIT_CONVERSION = YES;
				GCC_WARN_ABOUT_RETURN_TYPE = YES_ERROR;
				GCC_WARN_UNDECLARED_SELECTOR = YES;
				GCC_WARN_UNINITIALIZED_AUTOS = YES_AGGRESSIVE;
				GCC_WARN_UNUSED_FUNCTION = YES;
				GCC_WARN_UNUSED_VARIABLE = YES;
				IPHONEOS_DEPLOYMENT_TARGET = 11.0;
				MTL_ENABLE_DEBUG_INFO = YES;
				ONLY_ACTIVE_ARCH = YES;
				SDKROOT = iphoneos;
				SWIFT_ACTIVE_COMPILATION_CONDITIONS = DEBUG;
				SWIFT_OPTIMIZATION_LEVEL = "-Onone";
			};
			name = Debug;
		};
		DCFC574A1F8FD54D007DE0B6 /* Release */ = {
			isa = XCBuildConfiguration;
			buildSettings = {
				ALWAYS_SEARCH_USER_PATHS = NO;
				CLANG_ANALYZER_NONNULL = YES;
				CLANG_ANALYZER_NUMBER_OBJECT_CONVERSION = YES_AGGRESSIVE;
				CLANG_CXX_LANGUAGE_STANDARD = "gnu++14";
				CLANG_CXX_LIBRARY = "libc++";
				CLANG_ENABLE_MODULES = YES;
				CLANG_ENABLE_OBJC_ARC = YES;
				CLANG_WARN_BLOCK_CAPTURE_AUTORELEASING = YES;
				CLANG_WARN_BOOL_CONVERSION = YES;
				CLANG_WARN_COMMA = YES;
				CLANG_WARN_CONSTANT_CONVERSION = YES;
				CLANG_WARN_DIRECT_OBJC_ISA_USAGE = YES_ERROR;
				CLANG_WARN_DOCUMENTATION_COMMENTS = YES;
				CLANG_WARN_EMPTY_BODY = YES;
				CLANG_WARN_ENUM_CONVERSION = YES;
				CLANG_WARN_INFINITE_RECURSION = YES;
				CLANG_WARN_INT_CONVERSION = YES;
				CLANG_WARN_NON_LITERAL_NULL_CONVERSION = YES;
				CLANG_WARN_OBJC_LITERAL_CONVERSION = YES;
				CLANG_WARN_OBJC_ROOT_CLASS = YES_ERROR;
				CLANG_WARN_RANGE_LOOP_ANALYSIS = YES;
				CLANG_WARN_STRICT_PROTOTYPES = YES;
				CLANG_WARN_SUSPICIOUS_MOVE = YES;
				CLANG_WARN_UNGUARDED_AVAILABILITY = YES_AGGRESSIVE;
				CLANG_WARN_UNREACHABLE_CODE = YES;
				CLANG_WARN__DUPLICATE_METHOD_MATCH = YES;
				CODE_SIGN_IDENTITY = "iPhone Developer";
				COPY_PHASE_STRIP = NO;
				DEBUG_INFORMATION_FORMAT = "dwarf-with-dsym";
				ENABLE_NS_ASSERTIONS = NO;
				ENABLE_STRICT_OBJC_MSGSEND = YES;
				GCC_C_LANGUAGE_STANDARD = gnu11;
				GCC_NO_COMMON_BLOCKS = YES;
				GCC_WARN_64_TO_32_BIT_CONVERSION = YES;
				GCC_WARN_ABOUT_RETURN_TYPE = YES_ERROR;
				GCC_WARN_UNDECLARED_SELECTOR = YES;
				GCC_WARN_UNINITIALIZED_AUTOS = YES_AGGRESSIVE;
				GCC_WARN_UNUSED_FUNCTION = YES;
				GCC_WARN_UNUSED_VARIABLE = YES;
				IPHONEOS_DEPLOYMENT_TARGET = 11.0;
				MTL_ENABLE_DEBUG_INFO = NO;
				SDKROOT = iphoneos;
				SWIFT_OPTIMIZATION_LEVEL = "-Owholemodule";
				VALIDATE_PRODUCT = YES;
			};
			name = Release;
		};
		DCFC574C1F8FD54D007DE0B6 /* Debug */ = {
			isa = XCBuildConfiguration;
			buildSettings = {
				ASSETCATALOG_COMPILER_APPICON_NAME = AppIcon;
				CODE_SIGN_ENTITLEMENTS = HW8_iOS_Fitness_App/HW8_iOS_Fitness_App.entitlements;
				CODE_SIGN_STYLE = Automatic;
				DEVELOPMENT_TEAM = U7P4P976H4;
				INFOPLIST_FILE = HW8_iOS_Fitness_App/Info.plist;
				LD_RUNPATH_SEARCH_PATHS = "$(inherited) @executable_path/Frameworks";
				PRODUCT_BUNDLE_IDENTIFIER = "com.sjsu.HW8-iOS-Fitness-App";
				PRODUCT_NAME = "$(TARGET_NAME)";
				SWIFT_VERSION = 4.0;
				TARGETED_DEVICE_FAMILY = "1,2";
			};
			name = Debug;
		};
		DCFC574D1F8FD54D007DE0B6 /* Release */ = {
			isa = XCBuildConfiguration;
			buildSettings = {
				ASSETCATALOG_COMPILER_APPICON_NAME = AppIcon;
				CODE_SIGN_ENTITLEMENTS = HW8_iOS_Fitness_App/HW8_iOS_Fitness_App.entitlements;
				CODE_SIGN_STYLE = Automatic;
				DEVELOPMENT_TEAM = U7P4P976H4;
				INFOPLIST_FILE = HW8_iOS_Fitness_App/Info.plist;
				LD_RUNPATH_SEARCH_PATHS = "$(inherited) @executable_path/Frameworks";
				PRODUCT_BUNDLE_IDENTIFIER = "com.sjsu.HW8-iOS-Fitness-App";
				PRODUCT_NAME = "$(TARGET_NAME)";
				SWIFT_VERSION = 4.0;
				TARGETED_DEVICE_FAMILY = "1,2";
			};
			name = Release;
		};
/* End XCBuildConfiguration section */

/* Begin XCConfigurationList section */
		DCFC57341F8FD54D007DE0B6 /* Build configuration list for PBXProject "HW8_iOS_Fitness_App" */ = {
			isa = XCConfigurationList;
			buildConfigurations = (
				DCFC57491F8FD54D007DE0B6 /* Debug */,
				DCFC574A1F8FD54D007DE0B6 /* Release */,
			);
			defaultConfigurationIsVisible = 0;
			defaultConfigurationName = Release;
		};
		DCFC574B1F8FD54D007DE0B6 /* Build configuration list for PBXNativeTarget "HW8_iOS_Fitness_App" */ = {
			isa = XCConfigurationList;
			buildConfigurations = (
				DCFC574C1F8FD54D007DE0B6 /* Debug */,
				DCFC574D1F8FD54D007DE0B6 /* Release */,
			);
			defaultConfigurationIsVisible = 0;
			defaultConfigurationName = Release;
		};
/* End XCConfigurationList section */
	};
	rootObject = DCFC57311F8FD54D007DE0B6 /* Project object */;
}
